
Microsoft Visual Studio Solution File, Format Version 12.00
# Visual Studio Version 17
VisualStudioVersion = 17.7.34031.279
MinimumVisualStudioVersion = 10.0.40219.1
Project("{8BC9CEB8-8B4A-11D0-8D11-00A0C91BC942}") = "调用门", "调用门.vcxproj", "{EDFDC465-AF3C-4CC8-B199-61F7DD3018D8}"
EndProject
Project("{8BC9CEB8-8B4A-11D0-8D11-00A0C91BC942}") = "hook_int3", "..\hook_int3\hook_int3.vcxproj", "{593D6365-61C0-4ECA-ACEA-B4A3CAEB6367}"
EndProject
Project("{8BC9CEB8-8B4A-11D0-8D11-00A0C91BC942}") = "tlb", "..\tlb\tlb.vcxproj", "{0242A927-9E14-4DCC-87AA-2BC163553C57}"
EndProject
Global
	GlobalSection(SolutionConfigurationPlatforms) = preSolution
		Debug|x64 = Debug|x64
		Debug|x86 = Debug|x86
		Release|x64 = Release|x64
		Release|x86 = Release|x86
	EndGlobalSection
	GlobalSection(ProjectConfigurationPlatforms) = postSolution
		{EDFDC465-AF3C-4CC8-B199-61F7DD3018D8}.Debug|x64.ActiveCfg = Debug|x64
		{EDFDC465-AF3C-4CC8-B199-61F7DD3018D8}.Debug|x64.Build.0 = Debug|x64
		{EDFDC465-AF3C-4CC8-B199-61F7DD3018D8}.Debug|x86.ActiveCfg = Debug|Win32
		{EDFDC465-AF3C-4CC8-B199-61F7DD3018D8}.Debug|x86.Build.0 = Debug|Win32
		{EDFDC465-AF3C-4CC8-B199-61F7DD3018D8}.Release|x64.ActiveCfg = Release|x64
		{EDFDC465-AF3C-4CC8-B199-61F7DD3018D8}.Release|x64.Build.0 = Release|x64
		{EDFDC465-AF3C-4CC8-B199-61F7DD3018D8}.Release|x86.ActiveCfg = Release|Win32
		{EDFDC465-AF3C-4CC8-B199-61F7DD3018D8}.Release|x86.Build.0 = Release|Win32
		{593D6365-61C0-4ECA-ACEA-B4A3CAEB6367}.Debug|x64.ActiveCfg = Debug|x64
		{593D6365-61C0-4ECA-ACEA-B4A3CAEB6367}.Debug|x64.Build.0 = Debug|x64
		{593D6365-61C0-4ECA-ACEA-B4A3CAEB6367}.Debug|x86.ActiveCfg = Debug|Win32
		{593D6365-61C0-4ECA-ACEA-B4A3CAEB6367}.Debug|x86.Build.0 = Debug|Win32
		{593D6365-61C0-4ECA-ACEA-B4A3CAEB6367}.Release|x64.ActiveCfg = Release|x64
		{593D6365-61C0-4ECA-ACEA-B4A3CAEB6367}.Release|x64.Build.0 = Release|x64
		{593D6365-61C0-4ECA-ACEA-B4A3CAEB6367}.Release|x86.ActiveCfg = Release|Win32
		{593D6365-61C0-4ECA-ACEA-B4A3CAEB6367}.Release|x86.Build.0 = Release|Win32
		{0242A927-9E14-4DCC-87AA-2BC163553C57}.Debug|x64.ActiveCfg = Debug|x64
		{0242A927-9E14-4DCC-87AA-2BC163553C57}.Debug|x64.Build.0 = Debug|x64
		{0242A927-9E14-4DCC-87AA-2BC163553C57}.Debug|x86.ActiveCfg = Debug|Win32
		{0242A927-9E14-4DCC-87AA-2BC163553C57}.Debug|x86.Build.0 = Debug|Win32
		{0242A927-9E14-4DCC-87AA-2BC163553C57}.Release|x64.ActiveCfg = Release|x64
		{0242A927-9E14-4DCC-87AA-2BC163553C57}.Release|x64.Build.0 = Release|x64
		{0242A927-9E14-4DCC-87AA-2BC163553C57}.Release|x86.ActiveCfg = Release|Win32
		{0242A927-9E14-4DCC-87AA-2BC163553C57}.Release|x86.Build.0 = Release|Win32
	EndGlobalSection
	GlobalSection(SolutionProperties) = preSolution
		HideSolutionNode = FALSE
	EndGlobalSection
	GlobalSection(ExtensibilityGlobals) = postSolution
		SolutionGuid = {FC3D1931-57C3-4454-8AB7-FF9C53273C5D}
	EndGlobalSection
EndGlobal
